
Microsoft Visual Studio Solution File, Format Version 12.00
# Visual Studio 15
VisualStudioVersion = 15.0.26730.15
MinimumVisualStudioVersion = 10.0.40219.1
Project("{FAE04EC0-301F-11D3-BF4B-00C04F79EFBC}") = "JTCommonTest.Android", "JTCommonTest\JTCommonTest.Android\JTCommonTest.Android.csproj", "{FEF8BC51-DBA2-4AD9-AF23-85E3781D9523}"
EndProject
Project("{FAE04EC0-301F-11D3-BF4B-00C04F79EFBC}") = "JTCommonTest", "JTCommonTest\JTCommonTest\JTCommonTest.csproj", "{1DE8994C-BEED-41DC-A37D-D96D3C72C606}"
EndProject
Project("{FAE04EC0-301F-11D3-BF4B-00C04F79EFBC}") = "JTCommonTest.UWP", "JTCommonTest\JTCommonTest.UWP\JTCommonTest.UWP.csproj", "{7298F7DE-9667-4DE6-AC49-9B4413391C51}"
EndProject
Project("{FAE04EC0-301F-11D3-BF4B-00C04F79EFBC}") = "JTCommonTest.iOS", "JTCommonTest\JTCommonTest.iOS\JTCommonTest.iOS.csproj", "{4E1480A7-886F-4775-8127-AF24E2196F43}"
EndProject
Global
	GlobalSection(SolutionConfigurationPlatforms) = preSolution
		Ad-Hoc|Any CPU = Ad-Hoc|Any CPU
		Ad-Hoc|ARM = Ad-Hoc|ARM
		Ad-Hoc|iPhone = Ad-Hoc|iPhone
		Ad-Hoc|iPhoneSimulator = Ad-Hoc|iPhoneSimulator
		Ad-Hoc|x64 = Ad-Hoc|x64
		Ad-Hoc|x86 = Ad-Hoc|x86
		AppStore|Any CPU = AppStore|Any CPU
		AppStore|ARM = AppStore|ARM
		AppStore|iPhone = AppStore|iPhone
		AppStore|iPhoneSimulator = AppStore|iPhoneSimulator
		AppStore|x64 = AppStore|x64
		AppStore|x86 = AppStore|x86
		Debug|Any CPU = Debug|Any CPU
		Debug|ARM = Debug|ARM
		Debug|iPhone = Debug|iPhone
		Debug|iPhoneSimulator = Debug|iPhoneSimulator
		Debug|x64 = Debug|x64
		Debug|x86 = Debug|x86
		Release|Any CPU = Release|Any CPU
		Release|ARM = Release|ARM
		Release|iPhone = Release|iPhone
		Release|iPhoneSimulator = Release|iPhoneSimulator
		Release|x64 = Release|x64
		Release|x86 = Release|x86
	EndGlobalSection
	GlobalSection(ProjectConfigurationPlatforms) = postSolution
		{FEF8BC51-DBA2-4AD9-AF23-85E3781D9523}.Ad-Hoc|Any CPU.ActiveCfg = Release|Any CPU
		{FEF8BC51-DBA2-4AD9-AF23-85E3781D9523}.Ad-Hoc|Any CPU.Build.0 = Release|Any CPU
		{FEF8BC51-DBA2-4AD9-AF23-85E3781D9523}.Ad-Hoc|Any CPU.Deploy.0 = Release|Any CPU
		{FEF8BC51-DBA2-4AD9-AF23-85E3781D9523}.Ad-Hoc|ARM.ActiveCfg = Release|Any CPU
		{FEF8BC51-DBA2-4AD9-AF23-85E3781D9523}.Ad-Hoc|ARM.Build.0 = Release|Any CPU
		{FEF8BC51-DBA2-4AD9-AF23-85E3781D9523}.Ad-Hoc|ARM.Deploy.0 = Release|Any CPU
		{FEF8BC51-DBA2-4AD9-AF23-85E3781D9523}.Ad-Hoc|iPhone.ActiveCfg = Release|Any CPU
		{FEF8BC51-DBA2-4AD9-AF23-85E3781D9523}.Ad-Hoc|iPhone.Build.0 = Release|Any CPU
		{FEF8BC51-DBA2-4AD9-AF23-85E3781D9523}.Ad-Hoc|iPhone.Deploy.0 = Release|Any CPU
		{FEF8BC51-DBA2-4AD9-AF23-85E3781D9523}.Ad-Hoc|iPhoneSimulator.ActiveCfg = Release|Any CPU
		{FEF8BC51-DBA2-4AD9-AF23-85E3781D9523}.Ad-Hoc|iPhoneSimulator.Build.0 = Release|Any CPU
		{FEF8BC51-DBA2-4AD9-AF23-85E3781D9523}.Ad-Hoc|iPhoneSimulator.Deploy.0 = Release|Any CPU
		{FEF8BC51-DBA2-4AD9-AF23-85E3781D9523}.Ad-Hoc|x64.ActiveCfg = Release|Any CPU
		{FEF8BC51-DBA2-4AD9-AF23-85E3781D9523}.Ad-Hoc|x64.Build.0 = Release|Any CPU
		{FEF8BC51-DBA2-4AD9-AF23-85E3781D9523}.Ad-Hoc|x64.Deploy.0 = Release|Any CPU
		{FEF8BC51-DBA2-4AD9-AF23-85E3781D9523}.Ad-Hoc|x86.ActiveCfg = Release|Any CPU
		{FEF8BC51-DBA2-4AD9-AF23-85E3781D9523}.Ad-Hoc|x86.Build.0 = Release|Any CPU
		{FEF8BC51-DBA2-4AD9-AF23-85E3781D9523}.Ad-Hoc|x86.Deploy.0 = Release|Any CPU
		{FEF8BC51-DBA2-4AD9-AF23-85E3781D9523}.AppStore|Any CPU.ActiveCfg = Release|Any CPU
		{FEF8BC51-DBA2-4AD9-AF23-85E3781D9523}.AppStore|Any CPU.Build.0 = Release|Any CPU
		{FEF8BC51-DBA2-4AD9-AF23-85E3781D9523}.AppStore|Any CPU.Deploy.0 = Release|Any CPU
		{FEF8BC51-DBA2-4AD9-AF23-85E3781D9523}.AppStore|ARM.ActiveCfg = Release|Any CPU
		{FEF8BC51-DBA2-4AD9-AF23-85E3781D9523}.AppStore|ARM.Build.0 = Release|Any CPU
		{FEF8BC51-DBA2-4AD9-AF23-85E3781D9523}.AppStore|ARM.Deploy.0 = Release|Any CPU
		{FEF8BC51-DBA2-4AD9-AF23-85E3781D9523}.AppStore|iPhone.ActiveCfg = Release|Any CPU
		{FEF8BC51-DBA2-4AD9-AF23-85E3781D9523}.AppStore|iPhone.Build.0 = Release|Any CPU
		{FEF8BC51-DBA2-4AD9-AF23-85E3781D9523}.AppStore|iPhone.Deploy.0 = Release|Any CPU
		{FEF8BC51-DBA2-4AD9-AF23-85E3781D9523}.AppStore|iPhoneSimulator.ActiveCfg = Release|Any CPU
		{FEF8BC51-DBA2-4AD9-AF23-85E3781D9523}.AppStore|iPhoneSimulator.Build.0 = Release|Any CPU
		{FEF8BC51-DBA2-4AD9-AF23-85E3781D9523}.AppStore|iPhoneSimulator.Deploy.0 = Release|Any CPU
		{FEF8BC51-DBA2-4AD9-AF23-85E3781D9523}.AppStore|x64.ActiveCfg = Release|Any CPU
		{FEF8BC51-DBA2-4AD9-AF23-85E3781D9523}.AppStore|x64.Build.0 = Release|Any CPU
		{FEF8BC51-DBA2-4AD9-AF23-85E3781D9523}.AppStore|x64.Deploy.0 = Release|Any CPU
		{FEF8BC51-DBA2-4AD9-AF23-85E3781D9523}.AppStore|x86.ActiveCfg = Release|Any CPU
		{FEF8BC51-DBA2-4AD9-AF23-85E3781D9523}.AppStore|x86.Build.0 = Release|Any CPU
		{FEF8BC51-DBA2-4AD9-AF23-85E3781D9523}.AppStore|x86.Deploy.0 = Release|Any CPU
		{FEF8BC51-DBA2-4AD9-AF23-85E3781D9523}.Debug|Any CPU.ActiveCfg = Debug|Any CPU
		{FEF8BC51-DBA2-4AD9-AF23-85E3781D9523}.Debug|Any CPU.Build.0 = Debug|Any CPU
		{FEF8BC51-DBA2-4AD9-AF23-85E3781D9523}.Debug|Any CPU.Deploy.0 = Debug|Any CPU
		{FEF8BC51-DBA2-4AD9-AF23-85E3781D9523}.Debug|ARM.ActiveCfg = Debug|Any CPU
		{FEF8BC51-DBA2-4AD9-AF23-85E3781D9523}.Debug|ARM.Build.0 = Debug|Any CPU
		{FEF8BC51-DBA2-4AD9-AF23-85E3781D9523}.Debug|ARM.Deploy.0 = Debug|Any CPU
		{FEF8BC51-DBA2-4AD9-AF23-85E3781D9523}.Debug|iPhone.ActiveCfg = Debug|Any CPU
		{FEF8BC51-DBA2-4AD9-AF23-85E3781D9523}.Debug|iPhone.Build.0 = Debug|Any CPU
		{FEF8BC51-DBA2-4AD9-AF23-85E3781D9523}.Debug|iPhone.Deploy.0 = Debug|Any CPU
		{FEF8BC51-DBA2-4AD9-AF23-85E3781D9523}.Debug|iPhoneSimulator.ActiveCfg = Debug|Any CPU
		{FEF8BC51-DBA2-4AD9-AF23-85E3781D9523}.Debug|iPhoneSimulator.Build.0 = Debug|Any CPU
		{FEF8BC51-DBA2-4AD9-AF23-85E3781D9523}.Debug|iPhoneSimulator.Deploy.0 = Debug|Any CPU
		{FEF8BC51-DBA2-4AD9-AF23-85E3781D9523}.Debug|x64.ActiveCfg = Debug|Any CPU
		{FEF8BC51-DBA2-4AD9-AF23-85E3781D9523}.Debug|x64.Build.0 = Debug|Any CPU
		{FEF8BC51-DBA2-4AD9-AF23-85E3781D9523}.Debug|x64.Deploy.0 = Debug|Any CPU
		{FEF8BC51-DBA2-4AD9-AF23-85E3781D9523}.Debug|x86.ActiveCfg = Debug|Any CPU
		{FEF8BC51-DBA2-4AD9-AF23-85E3781D9523}.Debug|x86.Build.0 = Debug|Any CPU
		{FEF8BC51-DBA2-4AD9-AF23-85E3781D9523}.Debug|x86.Deploy.0 = Debug|Any CPU
		{FEF8BC51-DBA2-4AD9-AF23-85E3781D9523}.Release|Any CPU.ActiveCfg = Release|Any CPU
		{FEF8BC51-DBA2-4AD9-AF23-85E3781D9523}.Release|Any CPU.Build.0 = Release|Any CPU
		{FEF8BC51-DBA2-4AD9-AF23-85E3781D9523}.Release|Any CPU.Deploy.0 = Release|Any CPU
		{FEF8BC51-DBA2-4AD9-AF23-85E3781D9523}.Release|ARM.ActiveCfg = Release|Any CPU
		{FEF8BC51-DBA2-4AD9-AF23-85E3781D9523}.Release|ARM.Build.0 = Release|Any CPU
		{FEF8BC51-DBA2-4AD9-AF23-85E3781D9523}.Release|ARM.Deploy.0 = Release|Any CPU
		{FEF8BC51-DBA2-4AD9-AF23-85E3781D9523}.Release|iPhone.ActiveCfg = Release|Any CPU
		{FEF8BC51-DBA2-4AD9-AF23-85E3781D9523}.Release|iPhone.Build.0 = Release|Any CPU
		{FEF8BC51-DBA2-4AD9-AF23-85E3781D9523}.Release|iPhone.Deploy.0 = Release|Any CPU
		{FEF8BC51-DBA2-4AD9-AF23-85E3781D9523}.Release|iPhoneSimulator.ActiveCfg = Release|Any CPU
		{FEF8BC51-DBA2-4AD9-AF23-85E3781D9523}.Release|iPhoneSimulator.Build.0 = Release|Any CPU
		{FEF8BC51-DBA2-4AD9-AF23-85E3781D9523}.Release|iPhoneSimulator.Deploy.0 = Release|Any CPU
		{FEF8BC51-DBA2-4AD9-AF23-85E3781D9523}.Release|x64.ActiveCfg = Release|Any CPU
		{FEF8BC51-DBA2-4AD9-AF23-85E3781D9523}.Release|x64.Build.0 = Release|Any CPU
		{FEF8BC51-DBA2-4AD9-AF23-85E3781D9523}.Release|x64.Deploy.0 = Release|Any CPU
		{FEF8BC51-DBA2-4AD9-AF23-85E3781D9523}.Release|x86.ActiveCfg = Release|Any CPU
		{FEF8BC51-DBA2-4AD9-AF23-85E3781D9523}.Release|x86.Build.0 = Release|Any CPU
		{FEF8BC51-DBA2-4AD9-AF23-85E3781D9523}.Release|x86.Deploy.0 = Release|Any CPU
		{1DE8994C-BEED-41DC-A37D-D96D3C72C606}.Ad-Hoc|Any CPU.ActiveCfg = Release|Any CPU
		{1DE8994C-BEED-41DC-A37D-D96D3C72C606}.Ad-Hoc|Any CPU.Build.0 = Release|Any CPU
		{1DE8994C-BEED-41DC-A37D-D96D3C72C606}.Ad-Hoc|ARM.ActiveCfg = Release|Any CPU
		{1DE8994C-BEED-41DC-A37D-D96D3C72C606}.Ad-Hoc|ARM.Build.0 = Release|Any CPU
		{1DE8994C-BEED-41DC-A37D-D96D3C72C606}.Ad-Hoc|iPhone.ActiveCfg = Release|Any CPU
		{1DE8994C-BEED-41DC-A37D-D96D3C72C606}.Ad-Hoc|iPhone.Build.0 = Release|Any CPU
		{1DE8994C-BEED-41DC-A37D-D96D3C72C606}.Ad-Hoc|iPhoneSimulator.ActiveCfg = Release|Any CPU
		{1DE8994C-BEED-41DC-A37D-D96D3C72C606}.Ad-Hoc|iPhoneSimulator.Build.0 = Release|Any CPU
		{1DE8994C-BEED-41DC-A37D-D96D3C72C606}.Ad-Hoc|x64.ActiveCfg = Release|Any CPU
		{1DE8994C-BEED-41DC-A37D-D96D3C72C606}.Ad-Hoc|x64.Build.0 = Release|Any CPU
		{1DE8994C-BEED-41DC-A37D-D96D3C72C606}.Ad-Hoc|x86.ActiveCfg = Release|Any CPU
		{1DE8994C-BEED-41DC-A37D-D96D3C72C606}.Ad-Hoc|x86.Build.0 = Release|Any CPU
		{1DE8994C-BEED-41DC-A37D-D96D3C72C606}.AppStore|Any CPU.ActiveCfg = Release|Any CPU
		{1DE8994C-BEED-41DC-A37D-D96D3C72C606}.AppStore|Any CPU.Build.0 = Release|Any CPU
		{1DE8994C-BEED-41DC-A37D-D96D3C72C606}.AppStore|ARM.ActiveCfg = Release|Any CPU
		{1DE8994C-BEED-41DC-A37D-D96D3C72C606}.AppStore|ARM.Build.0 = Release|Any CPU
		{1DE8994C-BEED-41DC-A37D-D96D3C72C606}.AppStore|iPhone.ActiveCfg = Release|Any CPU
		{1DE8994C-BEED-41DC-A37D-D96D3C72C606}.AppStore|iPhone.Build.0 = Release|Any CPU
		{1DE8994C-BEED-41DC-A37D-D96D3C72C606}.AppStore|iPhoneSimulator.ActiveCfg = Release|Any CPU
		{1DE8994C-BEED-41DC-A37D-D96D3C72C606}.AppStore|iPhoneSimulator.Build.0 = Release|Any CPU
		{1DE8994C-BEED-41DC-A37D-D96D3C72C606}.AppStore|x64.ActiveCfg = Release|Any CPU
		{1DE8994C-BEED-41DC-A37D-D96D3C72C606}.AppStore|x64.Build.0 = Release|Any CPU
		{1DE8994C-BEED-41DC-A37D-D96D3C72C606}.AppStore|x86.ActiveCfg = Release|Any CPU
		{1DE8994C-BEED-41DC-A37D-D96D3C72C606}.AppStore|x86.Build.0 = Release|Any CPU
		{1DE8994C-BEED-41DC-A37D-D96D3C72C606}.Debug|Any CPU.ActiveCfg = Debug|Any CPU
		{1DE8994C-BEED-41DC-A37D-D96D3C72C606}.Debug|Any CPU.Build.0 = Debug|Any CPU
		{1DE8994C-BEED-41DC-A37D-D96D3C72C606}.Debug|ARM.ActiveCfg = Debug|Any CPU
		{1DE8994C-BEED-41DC-A37D-D96D3C72C606}.Debug|ARM.Build.0 = Debug|Any CPU
		{1DE8994C-BEED-41DC-A37D-D96D3C72C606}.Debug|iPhone.ActiveCfg = Debug|Any CPU
		{1DE8994C-BEED-41DC-A37D-D96D3C72C606}.Debug|iPhone.Build.0 = Debug|Any CPU
		{1DE8994C-BEED-41DC-A37D-D96D3C72C606}.Debug|iPhoneSimulator.ActiveCfg = Debug|Any CPU
		{1DE8994C-BEED-41DC-A37D-D96D3C72C606}.Debug|iPhoneSimulator.Build.0 = Debug|Any CPU
		{1DE8994C-BEED-41DC-A37D-D96D3C72C606}.Debug|x64.ActiveCfg = Debug|Any CPU
		{1DE8994C-BEED-41DC-A37D-D96D3C72C606}.Debug|x64.Build.0 = Debug|Any CPU
		{1DE8994C-BEED-41DC-A37D-D96D3C72C606}.Debug|x86.ActiveCfg = Debug|Any CPU
		{1DE8994C-BEED-41DC-A37D-D96D3C72C606}.Debug|x86.Build.0 = Debug|Any CPU
		{1DE8994C-BEED-41DC-A37D-D96D3C72C606}.Release|Any CPU.ActiveCfg = Release|Any CPU
		{1DE8994C-BEED-41DC-A37D-D96D3C72C606}.Release|Any CPU.Build.0 = Release|Any CPU
		{1DE8994C-BEED-41DC-A37D-D96D3C72C606}.Release|ARM.ActiveCfg = Release|Any CPU
		{1DE8994C-BEED-41DC-A37D-D96D3C72C606}.Release|ARM.Build.0 = Release|Any CPU
		{1DE8994C-BEED-41DC-A37D-D96D3C72C606}.Release|iPhone.ActiveCfg = Release|Any CPU
		{1DE8994C-BEED-41DC-A37D-D96D3C72C606}.Release|iPhone.Build.0 = Release|Any CPU
		{1DE8994C-BEED-41DC-A37D-D96D3C72C606}.Release|iPhoneSimulator.ActiveCfg = Release|Any CPU
		{1DE8994C-BEED-41DC-A37D-D96D3C72C606}.Release|iPhoneSimulator.Build.0 = Release|Any CPU
		{1DE8994C-BEED-41DC-A37D-D96D3C72C606}.Release|x64.ActiveCfg = Release|Any CPU
		{1DE8994C-BEED-41DC-A37D-D96D3C72C606}.Release|x64.Build.0 = Release|Any CPU
		{1DE8994C-BEED-41DC-A37D-D96D3C72C606}.Release|x86.ActiveCfg = Release|Any CPU
		{1DE8994C-BEED-41DC-A37D-D96D3C72C606}.Release|x86.Build.0 = Release|Any CPU
		{7298F7DE-9667-4DE6-AC49-9B4413391C51}.Ad-Hoc|Any CPU.ActiveCfg = Release|x86
		{7298F7DE-9667-4DE6-AC49-9B4413391C51}.Ad-Hoc|Any CPU.Build.0 = Release|x86
		{7298F7DE-9667-4DE6-AC49-9B4413391C51}.Ad-Hoc|Any CPU.Deploy.0 = Release|x86
		{7298F7DE-9667-4DE6-AC49-9B4413391C51}.Ad-Hoc|ARM.ActiveCfg = Release|ARM
		{7298F7DE-9667-4DE6-AC49-9B4413391C51}.Ad-Hoc|ARM.Build.0 = Release|ARM
		{7298F7DE-9667-4DE6-AC49-9B4413391C51}.Ad-Hoc|ARM.Deploy.0 = Release|ARM
		{7298F7DE-9667-4DE6-AC49-9B4413391C51}.Ad-Hoc|iPhone.ActiveCfg = Release|x86
		{7298F7DE-9667-4DE6-AC49-9B4413391C51}.Ad-Hoc|iPhone.Build.0 = Release|x86
		{7298F7DE-9667-4DE6-AC49-9B4413391C51}.Ad-Hoc|iPhone.Deploy.0 = Release|x86
		{7298F7DE-9667-4DE6-AC49-9B4413391C51}.Ad-Hoc|iPhoneSimulator.ActiveCfg = Release|x86
		{7298F7DE-9667-4DE6-AC49-9B4413391C51}.Ad-Hoc|iPhoneSimulator.Build.0 = Release|x86
		{7298F7DE-9667-4DE6-AC49-9B4413391C51}.Ad-Hoc|iPhoneSimulator.Deploy.0 = Release|x86
		{7298F7DE-9667-4DE6-AC49-9B4413391C51}.Ad-Hoc|x64.ActiveCfg = Release|x64
		{7298F7DE-9667-4DE6-AC49-9B4413391C51}.Ad-Hoc|x64.Build.0 = Release|x64
		{7298F7DE-9667-4DE6-AC49-9B4413391C51}.Ad-Hoc|x64.Deploy.0 = Release|x64
		{7298F7DE-9667-4DE6-AC49-9B4413391C51}.Ad-Hoc|x86.ActiveCfg = Release|x86
		{7298F7DE-9667-4DE6-AC49-9B4413391C51}.Ad-Hoc|x86.Build.0 = Release|x86
		{7298F7DE-9667-4DE6-AC49-9B4413391C51}.Ad-Hoc|x86.Deploy.0 = Release|x86
		{7298F7DE-9667-4DE6-AC49-9B4413391C51}.AppStore|Any CPU.ActiveCfg = Release|x86
		{7298F7DE-9667-4DE6-AC49-9B4413391C51}.AppStore|Any CPU.Build.0 = Release|x86
		{7298F7DE-9667-4DE6-AC49-9B4413391C51}.AppStore|Any CPU.Deploy.0 = Release|x86
		{7298F7DE-9667-4DE6-AC49-9B4413391C51}.AppStore|ARM.ActiveCfg = Release|ARM
		{7298F7DE-9667-4DE6-AC49-9B4413391C51}.AppStore|ARM.Build.0 = Release|ARM
		{7298F7DE-9667-4DE6-AC49-9B4413391C51}.AppStore|ARM.Deploy.0 = Release|ARM
		{7298F7DE-9667-4DE6-AC49-9B4413391C51}.AppStore|iPhone.ActiveCfg = Release|x86
		{7298F7DE-9667-4DE6-AC49-9B4413391C51}.AppStore|iPhone.Build.0 = Release|x86
		{7298F7DE-9667-4DE6-AC49-9B4413391C51}.AppStore|iPhone.Deploy.0 = Release|x86
		{7298F7DE-9667-4DE6-AC49-9B4413391C51}.AppStore|iPhoneSimulator.ActiveCfg = Release|x86
		{7298F7DE-9667-4DE6-AC49-9B4413391C51}.AppStore|iPhoneSimulator.Build.0 = Release|x86
		{7298F7DE-9667-4DE6-AC49-9B4413391C51}.AppStore|iPhoneSimulator.Deploy.0 = Release|x86
		{7298F7DE-9667-4DE6-AC49-9B4413391C51}.AppStore|x64.ActiveCfg = Release|x64
		{7298F7DE-9667-4DE6-AC49-9B4413391C51}.AppStore|x64.Build.0 = Release|x64
		{7298F7DE-9667-4DE6-AC49-9B4413391C51}.AppStore|x64.Deploy.0 = Release|x64
		{7298F7DE-9667-4DE6-AC49-9B4413391C51}.AppStore|x86.ActiveCfg = Release|x86
		{7298F7DE-9667-4DE6-AC49-9B4413391C51}.AppStore|x86.Build.0 = Release|x86
		{7298F7DE-9667-4DE6-AC49-9B4413391C51}.AppStore|x86.Deploy.0 = Release|x86
		{7298F7DE-9667-4DE6-AC49-9B4413391C51}.Debug|Any CPU.ActiveCfg = Debug|x86
		{7298F7DE-9667-4DE6-AC49-9B4413391C51}.Debug|ARM.ActiveCfg = Debug|ARM
		{7298F7DE-9667-4DE6-AC49-9B4413391C51}.Debug|ARM.Build.0 = Debug|ARM
		{7298F7DE-9667-4DE6-AC49-9B4413391C51}.Debug|ARM.Deploy.0 = Debug|ARM
		{7298F7DE-9667-4DE6-AC49-9B4413391C51}.Debug|iPhone.ActiveCfg = Debug|x86
		{7298F7DE-9667-4DE6-AC49-9B4413391C51}.Debug|iPhoneSimulator.ActiveCfg = Debug|x86
		{7298F7DE-9667-4DE6-AC49-9B4413391C51}.Debug|x64.ActiveCfg = Debug|x64
		{7298F7DE-9667-4DE6-AC49-9B4413391C51}.Debug|x64.Build.0 = Debug|x64
		{7298F7DE-9667-4DE6-AC49-9B4413391C51}.Debug|x64.Deploy.0 = Debug|x64
		{7298F7DE-9667-4DE6-AC49-9B4413391C51}.Debug|x86.ActiveCfg = Debug|x86
		{7298F7DE-9667-4DE6-AC49-9B4413391C51}.Debug|x86.Build.0 = Debug|x86
		{7298F7DE-9667-4DE6-AC49-9B4413391C51}.Debug|x86.Deploy.0 = Debug|x86
		{7298F7DE-9667-4DE6-AC49-9B4413391C51}.Release|Any CPU.ActiveCfg = Release|x86
		{7298F7DE-9667-4DE6-AC49-9B4413391C51}.Release|ARM.ActiveCfg = Release|ARM
		{7298F7DE-9667-4DE6-AC49-9B4413391C51}.Release|ARM.Build.0 = Release|ARM
		{7298F7DE-9667-4DE6-AC49-9B4413391C51}.Release|ARM.Deploy.0 = Release|ARM
		{7298F7DE-9667-4DE6-AC49-9B4413391C51}.Release|iPhone.ActiveCfg = Release|x86
		{7298F7DE-9667-4DE6-AC49-9B4413391C51}.Release|iPhoneSimulator.ActiveCfg = Release|x86
		{7298F7DE-9667-4DE6-AC49-9B4413391C51}.Release|x64.ActiveCfg = Release|x64
		{7298F7DE-9667-4DE6-AC49-9B4413391C51}.Release|x64.Build.0 = Release|x64
		{7298F7DE-9667-4DE6-AC49-9B4413391C51}.Release|x64.Deploy.0 = Release|x64
		{7298F7DE-9667-4DE6-AC49-9B4413391C51}.Release|x86.ActiveCfg = Release|x86
		{7298F7DE-9667-4DE6-AC49-9B4413391C51}.Release|x86.Build.0 = Release|x86
		{7298F7DE-9667-4DE6-AC49-9B4413391C51}.Release|x86.Deploy.0 = Release|x86
		{4E1480A7-886F-4775-8127-AF24E2196F43}.Ad-Hoc|Any CPU.ActiveCfg = Ad-Hoc|iPhone
		{4E1480A7-886F-4775-8127-AF24E2196F43}.Ad-Hoc|ARM.ActiveCfg = Ad-Hoc|iPhone
		{4E1480A7-886F-4775-8127-AF24E2196F43}.Ad-Hoc|iPhone.ActiveCfg = Ad-Hoc|iPhone
		{4E1480A7-886F-4775-8127-AF24E2196F43}.Ad-Hoc|iPhone.Build.0 = Ad-Hoc|iPhone
		{4E1480A7-886F-4775-8127-AF24E2196F43}.Ad-Hoc|iPhoneSimulator.ActiveCfg = Ad-Hoc|iPhoneSimulator
		{4E1480A7-886F-4775-8127-AF24E2196F43}.Ad-Hoc|iPhoneSimulator.Build.0 = Ad-Hoc|iPhoneSimulator
		{4E1480A7-886F-4775-8127-AF24E2196F43}.Ad-Hoc|x64.ActiveCfg = Ad-Hoc|iPhone
		{4E1480A7-886F-4775-8127-AF24E2196F43}.Ad-Hoc|x86.ActiveCfg = Ad-Hoc|iPhone
		{4E1480A7-886F-4775-8127-AF24E2196F43}.AppStore|Any CPU.ActiveCfg = AppStore|iPhone
		{4E1480A7-886F-4775-8127-AF24E2196F43}.AppStore|ARM.ActiveCfg = AppStore|iPhone
		{4E1480A7-886F-4775-8127-AF24E2196F43}.AppStore|iPhone.ActiveCfg = AppStore|iPhone
		{4E1480A7-886F-4775-8127-AF24E2196F43}.AppStore|iPhone.Build.0 = AppStore|iPhone
		{4E1480A7-886F-4775-8127-AF24E2196F43}.AppStore|iPhoneSimulator.ActiveCfg = AppStore|iPhoneSimulator
		{4E1480A7-886F-4775-8127-AF24E2196F43}.AppStore|iPhoneSimulator.Build.0 = AppStore|iPhoneSimulator
		{4E1480A7-886F-4775-8127-AF24E2196F43}.AppStore|x64.ActiveCfg = AppStore|iPhone
		{4E1480A7-886F-4775-8127-AF24E2196F43}.AppStore|x86.ActiveCfg = AppStore|iPhone
		{4E1480A7-886F-4775-8127-AF24E2196F43}.Debug|Any CPU.ActiveCfg = Debug|iPhone
		{4E1480A7-886F-4775-8127-AF24E2196F43}.Debug|ARM.ActiveCfg = Debug|iPhone
		{4E1480A7-886F-4775-8127-AF24E2196F43}.Debug|iPhone.ActiveCfg = Debug|iPhone
		{4E1480A7-886F-4775-8127-AF24E2196F43}.Debug|iPhone.Build.0 = Debug|iPhone
		{4E1480A7-886F-4775-8127-AF24E2196F43}.Debug|iPhoneSimulator.ActiveCfg = Debug|iPhoneSimulator
		{4E1480A7-886F-4775-8127-AF24E2196F43}.Debug|iPhoneSimulator.Build.0 = Debug|iPhoneSimulator
		{4E1480A7-886F-4775-8127-AF24E2196F43}.Debug|x64.ActiveCfg = Debug|iPhone
		{4E1480A7-886F-4775-8127-AF24E2196F43}.Debug|x86.ActiveCfg = Debug|iPhone
		{4E1480A7-886F-4775-8127-AF24E2196F43}.Release|Any CPU.ActiveCfg = Release|iPhone
		{4E1480A7-886F-4775-8127-AF24E2196F43}.Release|ARM.ActiveCfg = Release|iPhone
		{4E1480A7-886F-4775-8127-AF24E2196F43}.Release|iPhone.ActiveCfg = Release|iPhone
		{4E1480A7-886F-4775-8127-AF24E2196F43}.Release|iPhone.Build.0 = Release|iPhone
		{4E1480A7-886F-4775-8127-AF24E2196F43}.Release|iPhoneSimulator.ActiveCfg = Release|iPhoneSimulator
		{4E1480A7-886F-4775-8127-AF24E2196F43}.Release|iPhoneSimulator.Build.0 = Release|iPhoneSimulator
		{4E1480A7-886F-4775-8127-AF24E2196F43}.Release|x64.ActiveCfg = Release|iPhone
		{4E1480A7-886F-4775-8127-AF24E2196F43}.Release|x86.ActiveCfg = Release|iPhone
	EndGlobalSection
	GlobalSection(SolutionProperties) = preSolution
		HideSolutionNode = FALSE
	EndGlobalSection
	GlobalSection(ExtensibilityGlobals) = postSolution
		SolutionGuid = {14718669-AD33-4DF0-9CE0-70660FF82256}
	EndGlobalSection
EndGlobal
